<?xml version="1.0" encoding="utf-8"?>
<Project ToolsVersion="4.0" xmlns="http://schemas.microsoft.com/developer/msbuild/2003">
  <ItemGroup>
    <Filter Include="Исходные файлы">
      <UniqueIdentifier>{4FC737F1-C7A5-4376-A066-2A32D752A2FF}</UniqueIdentifier>
      <Extensions>cpp;c;cc;cxx;c++;cppm;ixx;def;odl;idl;hpj;bat;asm;asmx</Extensions>
    </Filter>
    <Filter Include="Файлы заголовков">
      <UniqueIdentifier>{93995380-89BD-4b04-88EB-625FBE52EBFB}</UniqueIdentifier>
      <Extensions>h;hh;hpp;hxx;h++;hm;inl;inc;ipp;xsd</Extensions>
    </Filter>
    <Filter Include="Файлы ресурсов">
      <UniqueIdentifier>{67DA6AB6-F800-4c08-8B7A-83BB121AAD01}</UniqueIdentifier>
      <Extensions>rc;ico;cur;bmp;dlg;rc2;rct;bin;rgs;gif;jpg;jpeg;jpe;resx;tiff;tif;png;wav;mfcribbon-ms</Extensions>
    </Filter>
    <Filter Include="Исходные файлы\entities">
      <UniqueIdentifier>{15873db1-9c1d-4386-8045-22c1c41709f6}</UniqueIdentifier>
    </Filter>
    <Filter Include="Исходные файлы\entities\Boy">
      <UniqueIdentifier>{11e610d7-49b7-49f3-aa1e-b5b5b909185f}</UniqueIdentifier>
    </Filter>
    <Filter Include="Исходные файлы\entities\Monsters">
      <UniqueIdentifier>{fb5ecd5b-a039-4128-927c-f70e5489f8c5}</UniqueIdentifier>
    </Filter>
    <Filter Include="Исходные файлы\levels">
      <UniqueIdentifier>{dea22ec2-47de-4d97-af12-09ce39df9202}</UniqueIdentifier>
    </Filter>
    <Filter Include="Исходные файлы\levels\Base">
      <UniqueIdentifier>{a065ba22-e73e-4d6b-870e-844acdde503d}</UniqueIdentifier>
    </Filter>
    <Filter Include="Исходные файлы\UI">
      <UniqueIdentifier>{d06154c5-47ba-4328-a5cb-fbbe227a4b31}</UniqueIdentifier>
    </Filter>
    <Filter Include="Исходные файлы\engine">
      <UniqueIdentifier>{8d6a11bb-362c-4c52-9891-a579ad7c4b12}</UniqueIdentifier>
    </Filter>
    <Filter Include="Исходные файлы\engine\Map">
      <UniqueIdentifier>{11fa6751-5d3e-406d-baaf-1a1a60dbbddc}</UniqueIdentifier>
    </Filter>
    <Filter Include="Исходные файлы\levels\Level_manager">
      <UniqueIdentifier>{244c4032-470b-47b2-8fc4-95610bf50558}</UniqueIdentifier>
    </Filter>
    <Filter Include="Исходные файлы\levels\1%29 level_start">
      <UniqueIdentifier>{d0fcdc4c-01d7-4d46-bfa9-d545ad70cd96}</UniqueIdentifier>
    </Filter>
    <Filter Include="Исходные файлы\levels\2%29 level_forest">
      <UniqueIdentifier>{3100ff1e-7f97-43a9-a851-ef38524d1e07}</UniqueIdentifier>
    </Filter>
    <Filter Include="Исходные файлы\levels\3%29 level_back_fforest">
      <UniqueIdentifier>{793508bb-18a4-4a54-b5aa-8323bc4cedaa}</UniqueIdentifier>
    </Filter>
    <Filter Include="Исходные файлы\levels\4%29 level_way_to_village">
      <UniqueIdentifier>{f0ccd3a0-4781-45c2-8e42-cd313e8eb765}</UniqueIdentifier>
    </Filter>
  </ItemGroup>
  <ItemGroup>
    <ClCompile Include="my_boy.cpp">
      <Filter>Исходные файлы\entities\Boy</Filter>
    </ClCompile>
    <ClCompile Include="monster_type.cpp">
      <Filter>Исходные файлы\entities\Monsters</Filter>
    </ClCompile>
    <ClCompile Include="monsters_family.cpp">
      <Filter>Исходные файлы\entities\Monsters</Filter>
    </ClCompile>
    <ClCompile Include="scary_monster.cpp">
      <Filter>Исходные файлы\entities\Monsters</Filter>
    </ClCompile>
    <ClCompile Include="iface.cpp">
      <Filter>Исходные файлы\UI</Filter>
    </ClCompile>
    <ClCompile Include="ivent_thing.cpp">
      <Filter>Исходные файлы\UI</Filter>
    </ClCompile>
    <ClCompile Include="my_map.cpp">
      <Filter>Исходные файлы\engine\Map</Filter>
    </ClCompile>
    <ClCompile Include="level.cpp">
      <Filter>Исходные файлы\levels\Base</Filter>
    </ClCompile>
    <ClCompile Include="level_start.cpp">
      <Filter>Исходные файлы\levels\1%29 level_start</Filter>
    </ClCompile>
    <ClCompile Include="level_manager.cpp">
      <Filter>Исходные файлы\levels\Level_manager</Filter>
    </ClCompile>
    <ClCompile Include="main.cpp">
      <Filter>Исходные файлы</Filter>
    </ClCompile>
    <ClCompile Include="level_forest.cpp">
      <Filter>Исходные файлы\levels\2%29 level_forest</Filter>
    </ClCompile>
    <ClCompile Include="level_back_fforest.cpp">
      <Filter>Исходные файлы\levels\3%29 level_back_fforest</Filter>
    </ClCompile>
    <ClCompile Include="level_way_to_village.cpp">
      <Filter>Исходные файлы\levels\4%29 level_way_to_village</Filter>
    </ClCompile>
  </ItemGroup>
  <ItemGroup>
    <ClInclude Include="my_boy.h">
      <Filter>Исходные файлы\entities\Boy</Filter>
    </ClInclude>
    <ClInclude Include="monster_type.h">
      <Filter>Исходные файлы\entities\Monsters</Filter>
    </ClInclude>
    <ClInclude Include="monsters_family.h">
      <Filter>Исходные файлы\entities\Monsters</Filter>
    </ClInclude>
    <ClInclude Include="scary_monster.h">
      <Filter>Исходные файлы\entities\Monsters</Filter>
    </ClInclude>
    <ClInclude Include="my_map.h">
      <Filter>Исходные файлы\engine\Map</Filter>
    </ClInclude>
    <ClInclude Include="iface.h">
      <Filter>Исходные файлы\UI</Filter>
    </ClInclude>
    <ClInclude Include="ivent_thing.h">
      <Filter>Исходные файлы\UI</Filter>
    </ClInclude>
    <ClInclude Include="level.h">
      <Filter>Исходные файлы\levels\Base</Filter>
    </ClInclude>
    <ClInclude Include="level_start.h">
      <Filter>Исходные файлы\levels\1%29 level_start</Filter>
    </ClInclude>
    <ClInclude Include="level_manager.h">
      <Filter>Исходные файлы\levels\Level_manager</Filter>
    </ClInclude>
    <ClInclude Include="level_forest.h">
      <Filter>Исходные файлы\levels\2%29 level_forest</Filter>
    </ClInclude>
    <ClInclude Include="level_back_fforest.h">
      <Filter>Исходные файлы\levels\3%29 level_back_fforest</Filter>
    </ClInclude>
    <ClInclude Include="level_way_to_village.h">
      <Filter>Исходные файлы\levels\4%29 level_way_to_village</Filter>
    </ClInclude>
  </ItemGroup>
</Project>